
Microsoft Visual Studio Solution File, Format Version 12.00
# Visual Studio Version 16
VisualStudioVersion = 16.0.31702.278
MinimumVisualStudioVersion = 10.0.40219.1
Project("{FAE04EC0-301F-11D3-BF4B-00C04F79EFBC}") = "Atelier.Cats.WebApi", "Atelier.Cats.WebApi\Atelier.Cats.WebApi.csproj", "{03BF8B27-2CBD-447F-8160-B5170DAA8943}"
EndProject
Global
	GlobalSection(SolutionConfigurationPlatforms) = preSolution
		Debug|Any CPU = Debug|Any CPU
		Release|Any CPU = Release|Any CPU
	EndGlobalSection
	GlobalSection(ProjectConfigurationPlatforms) = postSolution
		{03BF8B27-2CBD-447F-8160-B5170DAA8943}.Debug|Any CPU.ActiveCfg = Debug|Any CPU
		{03BF8B27-2CBD-447F-8160-B5170DAA8943}.Debug|Any CPU.Build.0 = Debug|Any CPU
		{03BF8B27-2CBD-447F-8160-B5170DAA8943}.Release|Any CPU.ActiveCfg = Release|Any CPU
		{03BF8B27-2CBD-447F-8160-B5170DAA8943}.Release|Any CPU.Build.0 = Release|Any CPU
	EndGlobalSection
	GlobalSection(SolutionProperties) = preSolution
		HideSolutionNode = FALSE
	EndGlobalSection
	GlobalSection(ExtensibilityGlobals) = postSolution
		SolutionGuid = {F4E27837-3E1F-43F7-AE3E-E5065F164D3B}
	EndGlobalSection
EndGlobal
